Microsoft Visual Studio Solution File, Format Version 11.00
# Visual Studio 2008

Project("{56E39E39-D084-EEA9-B520-788212E1867D}") = "ImageAudioZoom - Public", "Assembly-CSharp.csproj", "{2523BB34-E669-3CBE-D5AC-07181CB34BA1}"
EndProject
Global
	GlobalSection(SolutionConfigurationPlatforms) = preSolution
		Debug|Any CPU = Debug|Any CPU
		Release|Any CPU = Release|Any CPU
	EndGlobalSection
	GlobalSection(ProjectConfigurationPlatforms) = postSolution
		{2523BB34-E669-3CBE-D5AC-07181CB34BA1}.Debug|Any CPU.ActiveCfg = Debug|Any CPU
		{2523BB34-E669-3CBE-D5AC-07181CB34BA1}.Debug|Any CPU.Build.0 = Debug|Any CPU
		{2523BB34-E669-3CBE-D5AC-07181CB34BA1}.Release|Any CPU.ActiveCfg = Release|Any CPU
		{2523BB34-E669-3CBE-D5AC-07181CB34BA1}.Release|Any CPU.Build.0 = Release|Any CPU
	EndGlobalSection
	GlobalSection(SolutionProperties) = preSolution
		HideSolutionNode = FALSE
	EndGlobalSection
	GlobalSection(MonoDevelopProperties) = preSolution
		StartupItem = Assembly-CSharp.csproj
	EndGlobalSection
EndGlobal
