Microsoft Visual Studio Solution File, Format Version 11.00
# Visual Studio 2008

Project("{6853CD11-4BB9-77B7-0AD0-AB9CC24FA44B}") = "ImageAudioZoom", "Assembly-CSharp.csproj", "{DCAAF0A7-7E4D-1FA8-80CD-3D9C4CB30043}"
EndProject
Global
	GlobalSection(SolutionConfigurationPlatforms) = preSolution
		Debug|Any CPU = Debug|Any CPU
		Release|Any CPU = Release|Any CPU
	EndGlobalSection
	GlobalSection(ProjectConfigurationPlatforms) = postSolution
		{DCAAF0A7-7E4D-1FA8-80CD-3D9C4CB30043}.Debug|Any CPU.ActiveCfg = Debug|Any CPU
		{DCAAF0A7-7E4D-1FA8-80CD-3D9C4CB30043}.Debug|Any CPU.Build.0 = Debug|Any CPU
		{DCAAF0A7-7E4D-1FA8-80CD-3D9C4CB30043}.Release|Any CPU.ActiveCfg = Release|Any CPU
		{DCAAF0A7-7E4D-1FA8-80CD-3D9C4CB30043}.Release|Any CPU.Build.0 = Release|Any CPU
	EndGlobalSection
	GlobalSection(SolutionProperties) = preSolution
		HideSolutionNode = FALSE
	EndGlobalSection
	GlobalSection(MonoDevelopProperties) = preSolution
		StartupItem = Assembly-CSharp.csproj
	EndGlobalSection
EndGlobal
